
Microsoft Visual Studio Solution File, Format Version 12.00
# Visual Studio Version 16
VisualStudioVersion = 16.0.28803.156
MinimumVisualStudioVersion = 10.0.40219.1
Project("{FAE04EC0-301F-11D3-BF4B-00C04F79EFBC}") = "DrawingNumberFileGenerator", "DrawingNumberFileGenerator.csproj", "{97D294F8-9864-4C2C-8100-F83852749824}"
EndProject
Global
	GlobalSection(SolutionConfigurationPlatforms) = preSolution
		Debug|Any CPU = Debug|Any CPU
		Debug|x86 = Debug|x86
		Release|Any CPU = Release|Any CPU
		Release|x86 = Release|x86
	EndGlobalSection
	GlobalSection(ProjectConfigurationPlatforms) = postSolution
		{97D294F8-9864-4C2C-8100-F83852749824}.Debug|Any CPU.ActiveCfg = Release|Any CPU
		{97D294F8-9864-4C2C-8100-F83852749824}.Debug|Any CPU.Build.0 = Release|Any CPU
		{97D294F8-9864-4C2C-8100-F83852749824}.Debug|x86.ActiveCfg = Debug|x86
		{97D294F8-9864-4C2C-8100-F83852749824}.Debug|x86.Build.0 = Debug|x86
		{97D294F8-9864-4C2C-8100-F83852749824}.Release|Any CPU.ActiveCfg = Release|Any CPU
		{97D294F8-9864-4C2C-8100-F83852749824}.Release|Any CPU.Build.0 = Release|Any CPU
		{97D294F8-9864-4C2C-8100-F83852749824}.Release|x86.ActiveCfg = Release|x86
		{97D294F8-9864-4C2C-8100-F83852749824}.Release|x86.Build.0 = Release|x86
	EndGlobalSection
	GlobalSection(SolutionProperties) = preSolution
		HideSolutionNode = FALSE
	EndGlobalSection
	GlobalSection(ExtensibilityGlobals) = postSolution
		SolutionGuid = {01B0F1CD-DA37-4862-842D-EAAFDAD6A798}
	EndGlobalSection
EndGlobal
